
Microsoft Visual Studio Solution File, Format Version 12.00
# Visual Studio Version 16
VisualStudioVersion = 16.0.30804.86
MinimumVisualStudioVersion = 10.0.40219.1
Project("{9A19103F-16F7-4668-BE54-9A1E7A4F7556}") = "PantryDataCollector", "PantryDataCollector.csproj", "{016F3BF9-F886-4F95-8328-AC8410026DB5}"
EndProject
Global
	GlobalSection(SolutionConfigurationPlatforms) = preSolution
		Debug|Any CPU = Debug|Any CPU
		Release|Any CPU = Release|Any CPU
	EndGlobalSection
	GlobalSection(ProjectConfigurationPlatforms) = postSolution
		{016F3BF9-F886-4F95-8328-AC8410026DB5}.Debug|Any CPU.ActiveCfg = Debug|Any CPU
		{016F3BF9-F886-4F95-8328-AC8410026DB5}.Debug|Any CPU.Build.0 = Debug|Any CPU
		{016F3BF9-F886-4F95-8328-AC8410026DB5}.Release|Any CPU.ActiveCfg = Release|Any CPU
		{016F3BF9-F886-4F95-8328-AC8410026DB5}.Release|Any CPU.Build.0 = Release|Any CPU
	EndGlobalSection
	GlobalSection(SolutionProperties) = preSolution
		HideSolutionNode = FALSE
	EndGlobalSection
	GlobalSection(ExtensibilityGlobals) = postSolution
		SolutionGuid = {E4A3E1F4-3750-4441-9271-0D0DB94E55C8}
	EndGlobalSection
EndGlobal
